# THIS IS AN AUTOGENERATED FILE. DO NOT EDIT THIS FILE DIRECTLY.
# yarn lockfile v1


"@types/requirejs@^2.1.31":
  version "2.1.31"
  resolved "https://registry.yarnpkg.com/@types/requirejs/-/requirejs-2.1.31.tgz#a24eaa0ee4f6b84feb8f521ca6550d48490b2bc6"
  integrity sha512-b2soeyuU76rMbcRJ4e0hEl0tbMhFwZeTC0VZnfuWlfGlk6BwWNsev6kFu/twKABPX29wkX84wU2o+cEJoXsiTw==

requirejs@^2.3.6:
  version "2.3.6"
  resolved "https://registry.yarnpkg.com/requirejs/-/requirejs-2.3.6.tgz#e5093d9601c2829251258c0b9445d4d19fa9e7c9"
  integrity sha512-ipEzlWQe6RK3jkzikgCupiTbTvm4S0/CAU5GlgptkN5SO6F3u0UD0K18wy6ErDqiCyP4J4YYe1HuAShvsxePLg==
